
Microsoft Visual Studio Solution File, Format Version 12.00
# Visual Studio 15
VisualStudioVersion = 15.0.28307.329
MinimumVisualStudioVersion = 10.0.40219.1
Project("{FAE04EC0-301F-11D3-BF4B-00C04F79EFBC}") = "MockPerformance", "MockPerformance\MockPerformance.csproj", "{C5A19A73-7F2F-43F5-82A1-03C05C0AAB96}"
EndProject
Global
	GlobalSection(SolutionConfigurationPlatforms) = preSolution
		Debug|Any CPU = Debug|Any CPU
		Release|Any CPU = Release|Any CPU
	EndGlobalSection
	GlobalSection(ProjectConfigurationPlatforms) = postSolution
		{C5A19A73-7F2F-43F5-82A1-03C05C0AAB96}.Debug|Any CPU.ActiveCfg = Debug|Any CPU
		{C5A19A73-7F2F-43F5-82A1-03C05C0AAB96}.Debug|Any CPU.Build.0 = Debug|Any CPU
		{C5A19A73-7F2F-43F5-82A1-03C05C0AAB96}.Release|Any CPU.ActiveCfg = Release|Any CPU
		{C5A19A73-7F2F-43F5-82A1-03C05C0AAB96}.Release|Any CPU.Build.0 = Release|Any CPU
	EndGlobalSection
	GlobalSection(SolutionProperties) = preSolution
		HideSolutionNode = FALSE
	EndGlobalSection
	GlobalSection(ExtensibilityGlobals) = postSolution
		SolutionGuid = {926CDD88-B2A4-4A6D-8079-73BB96ECE4FA}
	EndGlobalSection
EndGlobal
